
Microsoft Visual Studio Solution File, Format Version 12.00
# Visual Studio 2013
VisualStudioVersion = 12.0.21005.1
MinimumVisualStudioVersion = 10.0.40219.1
Project("{FAE04EC0-301F-11D3-BF4B-00C04F79EFBC}") = "SocialNetwork", "SocialNetwork\SocialNetwork.csproj", "{BAF1B9A9-2054-4D80-8265-E36C1D90D6EA}"
EndProject
Global
	GlobalSection(SolutionConfigurationPlatforms) = preSolution
		Debug|Any CPU = Debug|Any CPU
		Release|Any CPU = Release|Any CPU
	EndGlobalSection
	GlobalSection(ProjectConfigurationPlatforms) = postSolution
		{BAF1B9A9-2054-4D80-8265-E36C1D90D6EA}.Debug|Any CPU.ActiveCfg = Debug|Any CPU
		{BAF1B9A9-2054-4D80-8265-E36C1D90D6EA}.Debug|Any CPU.Build.0 = Debug|Any CPU
		{BAF1B9A9-2054-4D80-8265-E36C1D90D6EA}.Release|Any CPU.ActiveCfg = Release|Any CPU
		{BAF1B9A9-2054-4D80-8265-E36C1D90D6EA}.Release|Any CPU.Build.0 = Release|Any CPU
	EndGlobalSection
	GlobalSection(SolutionProperties) = preSolution
		HideSolutionNode = FALSE
	EndGlobalSection
EndGlobal
